PODS:
  - AFNetworking (3.1.0.1):
    - AFNetworking/NSURLSession (= 3.1.0.1)
    - AFNetworking/Reachability (= 3.1.0.1)
    - AFNetworking/Security (= 3.1.0.1)
    - AFNetworking/Serialization (= 3.1.0.1)
    - AFNetworking/UIKit (= 3.1.0.1)
  - AFNetworking/NSURLSession (3.1.0.1):
    - AFNetworking/Reachability
    - AFNetworking/Security
    - AFNetworking/Serialization
  - AFNetworking/Reachability (3.1.0.1)
  - AFNetworking/Security (3.1.0.1)
  - AFNetworking/Serialization (3.1.0.1)
  - AFNetworking/UIKit (3.1.0.1):
    - AFNetworking/NSURLSession

DEPENDENCIES:
  - AFNetworking

SPEC REPOS:
  "git@git.2dfire-inc.com:ios/cocoapods-spec.git":
    - AFNetworking

SPEC CHECKSUMS:
  AFNetworking: 032062ffb24bf902c3040070304569831ee6eeea

PODFILE CHECKSUM: 891e43056bbad809e1cb29ac5d796c299bb30481

COCOAPODS: 1.5.3
